
Microsoft Visual Studio Solution File, Format Version 12.00
# Visual Studio Version 17
VisualStudioVersion = 17.14.36616.10
MinimumVisualStudioVersion = 10.0.40219.1
Project("{FAE04EC0-301F-11D3-BF4B-00C04F79EFBC}") = "Obligatorio2Prog2", "Obligatorio2Prog2\Obligatorio2Prog2.csproj", "{5EFE3A81-B933-4A5C-BE89-BAA5FB8252F6}"
EndProject
Global
	GlobalSection(SolutionConfigurationPlatforms) = preSolution
		Debug|Any CPU = Debug|Any CPU
		Release|Any CPU = Release|Any CPU
	EndGlobalSection
	GlobalSection(ProjectConfigurationPlatforms) = postSolution
		{5EFE3A81-B933-4A5C-BE89-BAA5FB8252F6}.Debug|Any CPU.ActiveCfg = Debug|Any CPU
		{5EFE3A81-B933-4A5C-BE89-BAA5FB8252F6}.Debug|Any CPU.Build.0 = Debug|Any CPU
		{5EFE3A81-B933-4A5C-BE89-BAA5FB8252F6}.Release|Any CPU.ActiveCfg = Release|Any CPU
		{5EFE3A81-B933-4A5C-BE89-BAA5FB8252F6}.Release|Any CPU.Build.0 = Release|Any CPU
	EndGlobalSection
	GlobalSection(SolutionProperties) = preSolution
		HideSolutionNode = FALSE
	EndGlobalSection
	GlobalSection(ExtensibilityGlobals) = postSolution
		SolutionGuid = {7906AC79-17B8-4628-9008-FAEB89B12AFF}
	EndGlobalSection
EndGlobal
